
Microsoft Visual Studio Solution File, Format Version 12.00
# Visual Studio Version 17
VisualStudioVersion = 17.5.002.0
MinimumVisualStudioVersion = 10.0.40219.1
Project("{9A19103F-16F7-4668-BE54-9A1E7A4F7556}") = "tde-aula04", "tde-aula04.csproj", "{C2524AF2-C1E5-4014-B970-3B5F95421163}"
EndProject
Global
	GlobalSection(SolutionConfigurationPlatforms) = preSolution
		Debug|Any CPU = Debug|Any CPU
		Release|Any CPU = Release|Any CPU
	EndGlobalSection
	GlobalSection(ProjectConfigurationPlatforms) = postSolution
		{C2524AF2-C1E5-4014-B970-3B5F95421163}.Debug|Any CPU.ActiveCfg = Debug|Any CPU
		{C2524AF2-C1E5-4014-B970-3B5F95421163}.Debug|Any CPU.Build.0 = Debug|Any CPU
		{C2524AF2-C1E5-4014-B970-3B5F95421163}.Release|Any CPU.ActiveCfg = Release|Any CPU
		{C2524AF2-C1E5-4014-B970-3B5F95421163}.Release|Any CPU.Build.0 = Release|Any CPU
	EndGlobalSection
	GlobalSection(SolutionProperties) = preSolution
		HideSolutionNode = FALSE
	EndGlobalSection
	GlobalSection(ExtensibilityGlobals) = postSolution
		SolutionGuid = {0710FD61-F070-443E-9931-F8459B383411}
	EndGlobalSection
EndGlobal
